
Microsoft Visual Studio Solution File, Format Version 12.00
# Visual Studio 15
VisualStudioVersion = 15.0.28010.2019
MinimumVisualStudioVersion = 10.0.40219.1
Project("{FAE04EC0-301F-11D3-BF4B-00C04F79EFBC}") = "WCFReader", "WCFReader\WCFReader.csproj", "{CD3B2271-4BAE-431B-9517-6F2E654C6D61}"
EndProject
Project("{FAE04EC0-301F-11D3-BF4B-00C04F79EFBC}") = "Shared.Contracts", "Shared.Contracts\Shared.Contracts.csproj", "{4FDCA294-9EEE-40B0-B90D-98474C388485}"
EndProject
Project("{FAE04EC0-301F-11D3-BF4B-00C04F79EFBC}") = "WCFRest", "WCFRest\WCFRest.csproj", "{59388747-0F36-435B-A3AB-A876805ACE3E}"
EndProject
Global
	GlobalSection(SolutionConfigurationPlatforms) = preSolution
		Debug|Any CPU = Debug|Any CPU
		Release|Any CPU = Release|Any CPU
	EndGlobalSection
	GlobalSection(ProjectConfigurationPlatforms) = postSolution
		{CD3B2271-4BAE-431B-9517-6F2E654C6D61}.Debug|Any CPU.ActiveCfg = Debug|Any CPU
		{CD3B2271-4BAE-431B-9517-6F2E654C6D61}.Debug|Any CPU.Build.0 = Debug|Any CPU
		{CD3B2271-4BAE-431B-9517-6F2E654C6D61}.Release|Any CPU.ActiveCfg = Release|Any CPU
		{CD3B2271-4BAE-431B-9517-6F2E654C6D61}.Release|Any CPU.Build.0 = Release|Any CPU
		{4FDCA294-9EEE-40B0-B90D-98474C388485}.Debug|Any CPU.ActiveCfg = Debug|Any CPU
		{4FDCA294-9EEE-40B0-B90D-98474C388485}.Debug|Any CPU.Build.0 = Debug|Any CPU
		{4FDCA294-9EEE-40B0-B90D-98474C388485}.Release|Any CPU.ActiveCfg = Release|Any CPU
		{4FDCA294-9EEE-40B0-B90D-98474C388485}.Release|Any CPU.Build.0 = Release|Any CPU
		{59388747-0F36-435B-A3AB-A876805ACE3E}.Debug|Any CPU.ActiveCfg = Debug|Any CPU
		{59388747-0F36-435B-A3AB-A876805ACE3E}.Debug|Any CPU.Build.0 = Debug|Any CPU
		{59388747-0F36-435B-A3AB-A876805ACE3E}.Release|Any CPU.ActiveCfg = Release|Any CPU
		{59388747-0F36-435B-A3AB-A876805ACE3E}.Release|Any CPU.Build.0 = Release|Any CPU
	EndGlobalSection
	GlobalSection(SolutionProperties) = preSolution
		HideSolutionNode = FALSE
	EndGlobalSection
	GlobalSection(ExtensibilityGlobals) = postSolution
		SolutionGuid = {3AFC48C4-E2A6-4B66-B4BA-E7FF199088A0}
	EndGlobalSection
EndGlobal
